// !$*UTF8*$!
{
	archiveVersion = 1;
	classes = {
	};
	objectVersion = 56;
	objects = {

/* Begin PBXBuildFile section */
		A7D101CD2AEE7C7600CC6D83 /* AppDelegate.swift in Sources */ = {isa = PBXBuildFile; fileRef = A7D101CC2AEE7C7600CC6D83 /* AppDelegate.swift */; };
		A7D101CF2AEE7C7600CC6D83 /* SceneDelegate.swift in Sources */ = {isa = PBXBuildFile; fileRef = A7D101CE2AEE7C7600CC6D83 /* SceneDelegate.swift */; };
		A7D101D12AEE7C7600CC6D83 /* ViewController.swift in Sources */ = {isa = PBXBuildFile; fileRef = A7D101D02AEE7C7600CC6D83 /* ViewController.swift */; };
		A7D101D42AEE7C7600CC6D83 /* Main.storyboard in Resources */ = {isa = PBXBuildFile; fileRef = A7D101D22AEE7C7600CC6D83 /* Main.storyboard */; };
		A7D101D72AEE7C7600CC6D83 /* ImageFeed.xcdatamodeld in Sources */ = {isa = PBXBuildFile; fileRef = A7D101D52AEE7C7600CC6D83 /* ImageFeed.xcdatamodeld */; };
		A7D101D92AEE7C7600CC6D83 /* Assets.xcassets in Resources */ = {isa = PBXBuildFile; fileRef = A7D101D82AEE7C7600CC6D83 /* Assets.xcassets */; };
		A7D101DC2AEE7C7700CC6D83 /* LaunchScreen.storyboard in Resources */ = {isa = PBXBuildFile; fileRef = A7D101DA2AEE7C7700CC6D83 /* LaunchScreen.storyboard */; };
		A7D101E72AEE7C7700CC6D83 /* ImageFeedTests.swift in Sources */ = {isa = PBXBuildFile; fileRef = A7D101E62AEE7C7700CC6D83 /* ImageFeedTests.swift */; };
		A7D101F12AEE7C7700CC6D83 /* ImageFeedUITests.swift in Sources */ = {isa = PBXBuildFile; fileRef = A7D101F02AEE7C7700CC6D83 /* ImageFeedUITests.swift */; };
		A7D101F32AEE7C7700CC6D83 /* ImageFeedUITestsLaunchTests.swift in Sources */ = {isa = PBXBuildFile; fileRef = A7D101F22AEE7C7700CC6D83 /* ImageFeedUITestsLaunchTests.swift */; };
/* End PBXBuildFile section */

/* Begin PBXContainerItemProxy section */
		A7D101E32AEE7C7700CC6D83 /* PBXContainerItemProxy */ = {
			isa = PBXContainerItemProxy;
			containerPortal = A7D101C12AEE7C7600CC6D83 /* Project object */;
			proxyType = 1;
			remoteGlobalIDString = A7D101C82AEE7C7600CC6D83;
			remoteInfo = ImageFeed;
		};
		A7D101ED2AEE7C7700CC6D83 /* PBXContainerItemProxy */ = {
			isa = PBXContainerItemProxy;
			containerPortal = A7D101C12AEE7C7600CC6D83 /* Project object */;
			proxyType = 1;
			remoteGlobalIDString = A7D101C82AEE7C7600CC6D83;
			remoteInfo = ImageFeed;
		};
/* End PBXContainerItemProxy section */

/* Begin PBXFileReference section */
		A7D101C92AEE7C7600CC6D83 /* ImageFeed.app */ = {isa = PBXFileReference; explicitFileType = wrapper.application; includeInIndex = 0; path = ImageFeed.app; sourceTree = BUILT_PRODUCTS_DIR; };
		A7D101CC2AEE7C7600CC6D83 /* AppDelegate.swift */ = {isa = PBXFileReference; lastKnownFileType = sourcecode.swift; path = AppDelegate.swift; sourceTree = "<group>"; };
		A7D101CE2AEE7C7600CC6D83 /* SceneDelegate.swift */ = {isa = PBXFileReference; lastKnownFileType = sourcecode.swift; path = SceneDelegate.swift; sourceTree = "<group>"; };
		A7D101D02AEE7C7600CC6D83 /* ViewController.swift */ = {isa = PBXFileReference; lastKnownFileType = sourcecode.swift; path = ViewController.swift; sourceTree = "<group>"; };
		A7D101D32AEE7C7600CC6D83 /* Base */ = {isa = PBXFileReference; lastKnownFileType = file.storyboard; name = Base; path = Base.lproj/Main.storyboard; sourceTree = "<group>"; };
		A7D101D62AEE7C7600CC6D83 /* ImageFeed.xcdatamodel */ = {isa = PBXFileReference; lastKnownFileType = wrapper.xcdatamodel; path = ImageFeed.xcdatamodel; sourceTree = "<group>"; };
		A7D101D82AEE7C7600CC6D83 /* Assets.xcassets */ = {isa = PBXFileReference; lastKnownFileType = folder.assetcatalog; path = Assets.xcassets; sourceTree = "<group>"; };
		A7D101DB2AEE7C7700CC6D83 /* Base */ = {isa = PBXFileReference; lastKnownFileType = file.storyboard; name = Base; path = Base.lproj/LaunchScreen.storyboard; sourceTree = "<group>"; };
		A7D101DD2AEE7C7700CC6D83 /* Info.plist */ = {isa = PBXFileReference; lastKnownFileType = text.plist.xml; path = Info.plist; sourceTree = "<group>"; };
		A7D101E22AEE7C7700CC6D83 /* ImageFeedTests.xctest */ = {isa = PBXFileReference; explicitFileType = wrapper.cfbundle; includeInIndex = 0; path = ImageFeedTests.xctest; sourceTree = BUILT_PRODUCTS_DIR; };
		A7D101E62AEE7C7700CC6D83 /* ImageFeedTests.swift */ = {isa = PBXFileReference; lastKnownFileType = sourcecode.swift; path = ImageFeedTests.swift; sourceTree = "<group>"; };
		A7D101EC2AEE7C7700CC6D83 /* ImageFeedUITests.xctest */ = {isa = PBXFileReference; explicitFileType = wrapper.cfbundle; includeInIndex = 0; path = ImageFeedUITests.xctest; sourceTree = BUILT_PRODUCTS_DIR; };
		A7D101F02AEE7C7700CC6D83 /* ImageFeedUITests.swift */ = {isa = PBXFileReference; lastKnownFileType = sourcecode.swift; path = ImageFeedUITests.swift; sourceTree = "<group>"; };
		A7D101F22AEE7C7700CC6D83 /* ImageFeedUITestsLaunchTests.swift */ = {isa = PBXFileReference; lastKnownFileType = sourcecode.swift; path = ImageFeedUITestsLaunchTests.swift; sourceTree = "<group>"; };
/* End PBXFileReference section */

/* Begin PBXFrameworksBuildPhase section */
		A7D101C62AEE7C7600CC6D83 /* Frameworks */ = {
			isa = PBXFrameworksBuildPhase;
			buildActionMask = 2147483647;
			files = (
			);
			runOnlyForDeploymentPostprocessing = 0;
		};
		A7D101DF2AEE7C7700CC6D83 /* Frameworks */ = {
			isa = PBXFrameworksBuildPhase;
			buildActionMask = 2147483647;
			files = (
			);
			runOnlyForDeploymentPostprocessing = 0;
		};
		A7D101E92AEE7C7700CC6D83 /* Frameworks */ = {
			isa = PBXFrameworksBuildPhase;
			buildActionMask = 2147483647;
			files = (
			);
			runOnlyForDeploymentPostprocessing = 0;
		};
/* End PBXFrameworksBuildPhase section */

/* Begin PBXGroup section */
		A7D101C02AEE7C7600CC6D83 = {
			isa = PBXGroup;
			children = (
				A7D101CB2AEE7C7600CC6D83 /* ImageFeed */,
				A7D101E52AEE7C7700CC6D83 /* ImageFeedTests */,
				A7D101EF2AEE7C7700CC6D83 /* ImageFeedUITests */,
				A7D101CA2AEE7C7600CC6D83 /* Products */,
			);
			sourceTree = "<group>";
		};
		A7D101CA2AEE7C7600CC6D83 /* Products */ = {
			isa = PBXGroup;
			children = (
				A7D101C92AEE7C7600CC6D83 /* ImageFeed.app */,
				A7D101E22AEE7C7700CC6D83 /* ImageFeedTests.xctest */,
				A7D101EC2AEE7C7700CC6D83 /* ImageFeedUITests.xctest */,
			);
			name = Products;
			sourceTree = "<group>";
		};
		A7D101CB2AEE7C7600CC6D83 /* ImageFeed */ = {
			isa = PBXGroup;
			children = (
				A7D101CC2AEE7C7600CC6D83 /* AppDelegate.swift */,
				A7D101CE2AEE7C7600CC6D83 /* SceneDelegate.swift */,
				A7D101D02AEE7C7600CC6D83 /* ViewController.swift */,
				A7D101D22AEE7C7600CC6D83 /* Main.storyboard */,
				A7D101D82AEE7C7600CC6D83 /* Assets.xcassets */,
				A7D101DA2AEE7C7700CC6D83 /* LaunchScreen.storyboard */,
				A7D101DD2AEE7C7700CC6D83 /* Info.plist */,
				A7D101D52AEE7C7600CC6D83 /* ImageFeed.xcdatamodeld */,
			);
			path = ImageFeed;
			sourceTree = "<group>";
		};
		A7D101E52AEE7C7700CC6D83 /* ImageFeedTests */ = {
			isa = PBXGroup;
			children = (
				A7D101E62AEE7C7700CC6D83 /* ImageFeedTests.swift */,
			);
			path = ImageFeedTests;
			sourceTree = "<group>";
		};
		A7D101EF2AEE7C7700CC6D83 /* ImageFeedUITests */ = {
			isa = PBXGroup;
			children = (
				A7D101F02AEE7C7700CC6D83 /* ImageFeedUITests.swift */,
				A7D101F22AEE7C7700CC6D83 /* ImageFeedUITestsLaunchTests.swift */,
			);
			path = ImageFeedUITests;
			sourceTree = "<group>";
		};
/* End PBXGroup section */

/* Begin PBXNativeTarget section */
		A7D101C82AEE7C7600CC6D83 /* ImageFeed */ = {
			isa = PBXNativeTarget;
			buildConfigurationList = A7D101F62AEE7C7700CC6D83 /* Build configuration list for PBXNativeTarget "ImageFeed" */;
			buildPhases = (
				A7D101C52AEE7C7600CC6D83 /* Sources */,
				A7D101C62AEE7C7600CC6D83 /* Frameworks */,
				A7D101C72AEE7C7600CC6D83 /* Resources */,
			);
			buildRules = (
			);
			dependencies = (
			);
			name = ImageFeed;
			productName = ImageFeed;
			productReference = A7D101C92AEE7C7600CC6D83 /* ImageFeed.app */;
			productType = "com.apple.product-type.application";
		};
		A7D101E12AEE7C7700CC6D83 /* ImageFeedTests */ = {
			isa = PBXNativeTarget;
			buildConfigurationList = A7D101F92AEE7C7700CC6D83 /* Build configuration list for PBXNativeTarget "ImageFeedTests" */;
			buildPhases = (
				A7D101DE2AEE7C7700CC6D83 /* Sources */,
				A7D101DF2AEE7C7700CC6D83 /* Frameworks */,
				A7D101E02AEE7C7700CC6D83 /* Resources */,
			);
			buildRules = (
			);
			dependencies = (
				A7D101E42AEE7C7700CC6D83 /* PBXTargetDependency */,
			);
			name = ImageFeedTests;
			productName = ImageFeedTests;
			productReference = A7D101E22AEE7C7700CC6D83 /* ImageFeedTests.xctest */;
			productType = "com.apple.product-type.bundle.unit-test";
		};
		A7D101EB2AEE7C7700CC6D83 /* ImageFeedUITests */ = {
			isa = PBXNativeTarget;
			buildConfigurationList = A7D101FC2AEE7C7700CC6D83 /* Build configuration list for PBXNativeTarget "ImageFeedUITests" */;
			buildPhases = (
				A7D101E82AEE7C7700CC6D83 /* Sources */,
				A7D101E92AEE7C7700CC6D83 /* Frameworks */,
				A7D101EA2AEE7C7700CC6D83 /* Resources */,
			);
			buildRules = (
			);
			dependencies = (
				A7D101EE2AEE7C7700CC6D83 /* PBXTargetDependency */,
			);
			name = ImageFeedUITests;
			productName = ImageFeedUITests;
			productReference = A7D101EC2AEE7C7700CC6D83 /* ImageFeedUITests.xctest */;
			productType = "com.apple.product-type.bundle.ui-testing";
		};
/* End PBXNativeTarget section */

/* Begin PBXProject section */
		A7D101C12AEE7C7600CC6D83 /* Project object */ = {
			isa = PBXProject;
			attributes = {
				BuildIndependentTargetsInParallel = 1;
				LastSwiftUpdateCheck = 1430;
				LastUpgradeCheck = 1430;
				TargetAttributes = {
					A7D101C82AEE7C7600CC6D83 = {
						CreatedOnToolsVersion = 14.3.1;
					};
					A7D101E12AEE7C7700CC6D83 = {
						CreatedOnToolsVersion = 14.3.1;
						TestTargetID = A7D101C82AEE7C7600CC6D83;
					};
					A7D101EB2AEE7C7700CC6D83 = {
						CreatedOnToolsVersion = 14.3.1;
						TestTargetID = A7D101C82AEE7C7600CC6D83;
					};
				};
			};
			buildConfigurationList = A7D101C42AEE7C7600CC6D83 /* Build configuration list for PBXProject "ImageFeed" */;
			compatibilityVersion = "Xcode 14.0";
			developmentRegion = en;
			hasScannedForEncodings = 0;
			knownRegions = (
				en,
				Base,
			);
			mainGroup = A7D101C02AEE7C7600CC6D83;
			productRefGroup = A7D101CA2AEE7C7600CC6D83 /* Products */;
			projectDirPath = "";
			projectRoot = "";
			targets = (
				A7D101C82AEE7C7600CC6D83 /* ImageFeed */,
				A7D101E12AEE7C7700CC6D83 /* ImageFeedTests */,
				A7D101EB2AEE7C7700CC6D83 /* ImageFeedUITests */,
			);
		};
/* End PBXProject section */

/* Begin PBXResourcesBuildPhase section */
		A7D101C72AEE7C7600CC6D83 /* Resources */ = {
			isa = PBXResourcesBuildPhase;
			buildActionMask = 2147483647;
			files = (
				A7D101DC2AEE7C7700CC6D83 /* LaunchScreen.storyboard in Resources */,
				A7D101D92AEE7C7600CC6D83 /* Assets.xcassets in Resources */,
				A7D101D42AEE7C7600CC6D83 /* Main.storyboard in Resources */,
			);
			runOnlyForDeploymentPostprocessing = 0;
		};
		A7D101E02AEE7C7700CC6D83 /* Resources */ = {
			isa = PBXResourcesBuildPhase;
			buildActionMask = 2147483647;
			files = (
			);
			runOnlyForDeploymentPostprocessing = 0;
		};
		A7D101EA2AEE7C7700CC6D83 /* Resources */ = {
			isa = PBXResourcesBuildPhase;
			buildActionMask = 2147483647;
			files = (
			);
			runOnlyForDeploymentPostprocessing = 0;
		};
/* End PBXResourcesBuildPhase section */

/* Begin PBXSourcesBuildPhase section */
		A7D101C52AEE7C7600CC6D83 /* Sources */ = {
			isa = PBXSourcesBuildPhase;
			buildActionMask = 2147483647;
			files = (
				A7D101D12AEE7C7600CC6D83 /* ViewController.swift in Sources */,
				A7D101D72AEE7C7600CC6D83 /* ImageFeed.xcdatamodeld in Sources */,
				A7D101CD2AEE7C7600CC6D83 /* AppDelegate.swift in Sources */,
				A7D101CF2AEE7C7600CC6D83 /* SceneDelegate.swift in Sources */,
			);
			runOnlyForDeploymentPostprocessing = 0;
		};
		A7D101DE2AEE7C7700CC6D83 /* Sources */ = {
			isa = PBXSourcesBuildPhase;
			buildActionMask = 2147483647;
			files = (
				A7D101E72AEE7C7700CC6D83 /* ImageFeedTests.swift in Sources */,
			);
			runOnlyForDeploymentPostprocessing = 0;
		};
		A7D101E82AEE7C7700CC6D83 /* Sources */ = {
			isa = PBXSourcesBuildPhase;
			buildActionMask = 2147483647;
			files = (
				A7D101F32AEE7C7700CC6D83 /* ImageFeedUITestsLaunchTests.swift in Sources */,
				A7D101F12AEE7C7700CC6D83 /* ImageFeedUITests.swift in Sources */,
			);
			runOnlyForDeploymentPostprocessing = 0;
		};
/* End PBXSourcesBuildPhase section */

/* Begin PBXTargetDependency section */
		A7D101E42AEE7C7700CC6D83 /* PBXTargetDependency */ = {
			isa = PBXTargetDependency;
			target = A7D101C82AEE7C7600CC6D83 /* ImageFeed */;
			targetProxy = A7D101E32AEE7C7700CC6D83 /* PBXContainerItemProxy */;
		};
		A7D101EE2AEE7C7700CC6D83 /* PBXTargetDependency */ = {
			isa = PBXTargetDependency;
			target = A7D101C82AEE7C7600CC6D83 /* ImageFeed */;
			targetProxy = A7D101ED2AEE7C7700CC6D83 /* PBXContainerItemProxy */;
		};
/* End PBXTargetDependency section */

/* Begin PBXVariantGroup section */
		A7D101D22AEE7C7600CC6D83 /* Main.storyboard */ = {
			isa = PBXVariantGroup;
			children = (
				A7D101D32AEE7C7600CC6D83 /* Base */,
			);
			name = Main.storyboard;
			sourceTree = "<group>";
		};
		A7D101DA2AEE7C7700CC6D83 /* LaunchScreen.storyboard */ = {
			isa = PBXVariantGroup;
			children = (
				A7D101DB2AEE7C7700CC6D83 /* Base */,
			);
			name = LaunchScreen.storyboard;
			sourceTree = "<group>";
		};
/* End PBXVariantGroup section */

/* Begin XCBuildConfiguration section */
		A7D101F42AEE7C7700CC6D83 /* Debug */ = {
			isa = XCBuildConfiguration;
			buildSettings = {
				ALWAYS_SEARCH_USER_PATHS = NO;
				CLANG_ANALYZER_NONNULL = YES;
				CLANG_ANALYZER_NUMBER_OBJECT_CONVERSION = YES_AGGRESSIVE;
				CLANG_CXX_LANGUAGE_STANDARD = "gnu++20";
				CLANG_ENABLE_MODULES = YES;
				CLANG_ENABLE_OBJC_ARC = YES;
				CLANG_ENABLE_OBJC_WEAK = YES;
				CLANG_WARN_BLOCK_CAPTURE_AUTORELEASING = YES;
				CLANG_WARN_BOOL_CONVERSION = YES;
				CLANG_WARN_COMMA = YES;
				CLANG_WARN_CONSTANT_CONVERSION = YES;
				CLANG_WARN_DEPRECATED_OBJC_IMPLEMENTATIONS = YES;
				CLANG_WARN_DIRECT_OBJC_ISA_USAGE = YES_ERROR;
				CLANG_WARN_DOCUMENTATION_COMMENTS = YES;
				CLANG_WARN_EMPTY_BODY = YES;
				CLANG_WARN_ENUM_CONVERSION = YES;
				CLANG_WARN_INFINITE_RECURSION = YES;
				CLANG_WARN_INT_CONVERSION = YES;
				CLANG_WARN_NON_LITERAL_NULL_CONVERSION = YES;
				CLANG_WARN_OBJC_IMPLICIT_RETAIN_SELF = YES;
				CLANG_WARN_OBJC_LITERAL_CONVERSION = YES;
				CLANG_WARN_OBJC_ROOT_CLASS = YES_ERROR;
				CLANG_WARN_QUOTED_INCLUDE_IN_FRAMEWORK_HEADER = YES;
				CLANG_WARN_RANGE_LOOP_ANALYSIS = YES;
				CLANG_WARN_STRICT_PROTOTYPES = YES;
				CLANG_WARN_SUSPICIOUS_MOVE = YES;
				CLANG_WARN_UNGUARDED_AVAILABILITY = YES_AGGRESSIVE;
				CLANG_WARN_UNREACHABLE_CODE = YES;
				CLANG_WARN__DUPLICATE_METHOD_MATCH = YES;
				COPY_PHASE_STRIP = NO;
				DEBUG_INFORMATION_FORMAT = dwarf;
				ENABLE_STRICT_OBJC_MSGSEND = YES;
				ENABLE_TESTABILITY = YES;
				GCC_C_LANGUAGE_STANDARD = gnu11;
				GCC_DYNAMIC_NO_PIC = NO;
				GCC_NO_COMMON_BLOCKS = YES;
				GCC_OPTIMIZATION_LEVEL = 0;
				GCC_PREPROCESSOR_DEFINITIONS = (
					"DEBUG=1",
					"$(inherited)",
				);
				GCC_WARN_64_TO_32_BIT_CONVERSION = YES;
				GCC_WARN_ABOUT_RETURN_TYPE = YES_ERROR;
				GCC_WARN_UNDECLARED_SELECTOR = YES;
				GCC_WARN_UNINITIALIZED_AUTOS = YES_AGGRESSIVE;
				GCC_WARN_UNUSED_FUNCTION = YES;
				GCC_WARN_UNUSED_VARIABLE = YES;
				IPHONEOS_DEPLOYMENT_TARGET = 16.4;
				MTL_ENABLE_DEBUG_INFO = INCLUDE_SOURCE;
				MTL_FAST_MATH = YES;
				ONLY_ACTIVE_ARCH = YES;
				SDKROOT = iphoneos;
				SWIFT_ACTIVE_COMPILATION_CONDITIONS = DEBUG;
				SWIFT_OPTIMIZATION_LEVEL = "-Onone";
			};
			name = Debug;
		};
		A7D101F52AEE7C7700CC6D83 /* Release */ = {
			isa = XCBuildConfiguration;
			buildSettings = {
				ALWAYS_SEARCH_USER_PATHS = NO;
				CLANG_ANALYZER_NONNULL = YES;
				CLANG_ANALYZER_NUMBER_OBJECT_CONVERSION = YES_AGGRESSIVE;
				CLANG_CXX_LANGUAGE_STANDARD = "gnu++20";
				CLANG_ENABLE_MODULES = YES;
				CLANG_ENABLE_OBJC_ARC = YES;
				CLANG_ENABLE_OBJC_WEAK = YES;
				CLANG_WARN_BLOCK_CAPTURE_AUTORELEASING = YES;
				CLANG_WARN_BOOL_CONVERSION = YES;
				CLANG_WARN_COMMA = YES;
				CLANG_WARN_CONSTANT_CONVERSION = YES;
				CLANG_WARN_DEPRECATED_OBJC_IMPLEMENTATIONS = YES;
				CLANG_WARN_DIRECT_OBJC_ISA_USAGE = YES_ERROR;
				CLANG_WARN_DOCUMENTATION_COMMENTS = YES;
				CLANG_WARN_EMPTY_BODY = YES;
				CLANG_WARN_ENUM_CONVERSION = YES;
				CLANG_WARN_INFINITE_RECURSION = YES;
				CLANG_WARN_INT_CONVERSION = YES;
				CLANG_WARN_NON_LITERAL_NULL_CONVERSION = YES;
				CLANG_WARN_OBJC_IMPLICIT_RETAIN_SELF = YES;
				CLANG_WARN_OBJC_LITERAL_CONVERSION = YES;
				CLANG_WARN_OBJC_ROOT_CLASS = YES_ERROR;
				CLANG_WARN_QUOTED_INCLUDE_IN_FRAMEWORK_HEADER = YES;
				CLANG_WARN_RANGE_LOOP_ANALYSIS = YES;
				CLANG_WARN_STRICT_PROTOTYPES = YES;
				CLANG_WARN_SUSPICIOUS_MOVE = YES;
				CLANG_WARN_UNGUARDED_AVAILABILITY = YES_AGGRESSIVE;
				CLANG_WARN_UNREACHABLE_CODE = YES;
				CLANG_WARN__DUPLICATE_METHOD_MATCH = YES;
				COPY_PHASE_STRIP = NO;
				DEBUG_INFORMATION_FORMAT = "dwarf-with-dsym";
				ENABLE_NS_ASSERTIONS = NO;
				ENABLE_STRICT_OBJC_MSGSEND = YES;
				GCC_C_LANGUAGE_STANDARD = gnu11;
				GCC_NO_COMMON_BLOCKS = YES;
				GCC_WARN_64_TO_32_BIT_CONVERSION = YES;
				GCC_WARN_ABOUT_RETURN_TYPE = YES_ERROR;
				GCC_WARN_UNDECLARED_SELECTOR = YES;
				GCC_WARN_UNINITIALIZED_AUTOS = YES_AGGRESSIVE;
				GCC_WARN_UNUSED_FUNCTION = YES;
				GCC_WARN_UNUSED_VARIABLE = YES;
				IPHONEOS_DEPLOYMENT_TARGET = 16.4;
				MTL_ENABLE_DEBUG_INFO = NO;
				MTL_FAST_MATH = YES;
				SDKROOT = iphoneos;
				SWIFT_COMPILATION_MODE = wholemodule;
				SWIFT_OPTIMIZATION_LEVEL = "-O";
				VALIDATE_PRODUCT = YES;
			};
			name = Release;
		};
		A7D101F72AEE7C7700CC6D83 /* Debug */ = {
			isa = XCBuildConfiguration;
			buildSettings = {
				ASSETCATALOG_COMPILER_APPICON_NAME = AppIcon;
				ASSETCATALOG_COMPILER_GLOBAL_ACCENT_COLOR_NAME = AccentColor;
				CODE_SIGN_STYLE = Automatic;
				CURRENT_PROJECT_VERSION = 1;
				DEVELOPMENT_TEAM = 62Z2U2X6R6;
				GENERATE_INFOPLIST_FILE = YES;
				INFOPLIST_FILE = ImageFeed/Info.plist;
				INFOPLIST_KEY_UIApplicationSupportsIndirectInputEvents = YES;
				INFOPLIST_KEY_UILaunchStoryboardName = LaunchScreen;
				INFOPLIST_KEY_UIMainStoryboardFile = Main;
				INFOPLIST_KEY_UISupportedInterfaceOrientations_iPad = "UIInterfaceOrientationPortrait UIInterfaceOrientationPortraitUpsideDown UIInterfaceOrientationLandscapeLeft UIInterfaceOrientationLandscapeRight";
				INFOPLIST_KEY_UISupportedInterfaceOrientations_iPhone = "UIInterfaceOrientationPortrait UIInterfaceOrientationLandscapeLeft UIInterfaceOrientationLandscapeRight";
				IPHONEOS_DEPLOYMENT_TARGET = 13.0;
				LD_RUNPATH_SEARCH_PATHS = (
					"$(inherited)",
					"@executable_path/Frameworks",
				);
				MARKETING_VERSION = 1.0;
				PRODUCT_BUNDLE_IDENTIFIER = tcs.ImageFeed;
				PRODUCT_NAME = "$(TARGET_NAME)";
				SUPPORTED_PLATFORMS = "iphoneos iphonesimulator";
				SUPPORTS_MACCATALYST = NO;
				SUPPORTS_MAC_DESIGNED_FOR_IPHONE_IPAD = YES;
				SWIFT_EMIT_LOC_STRINGS = YES;
				SWIFT_VERSION = 5.0;
				TARGETED_DEVICE_FAMILY = 1;
			};
			name = Debug;
		};
		A7D101F82AEE7C7700CC6D83 /* Release */ = {
			isa = XCBuildConfiguration;
			buildSettings = {
				ASSETCATALOG_COMPILER_APPICON_NAME = AppIcon;
				ASSETCATALOG_COMPILER_GLOBAL_ACCENT_COLOR_NAME = AccentColor;
				CODE_SIGN_STYLE = Automatic;
				CURRENT_PROJECT_VERSION = 1;
				DEVELOPMENT_TEAM = 62Z2U2X6R6;
				GENERATE_INFOPLIST_FILE = YES;
				INFOPLIST_FILE = ImageFeed/Info.plist;
				INFOPLIST_KEY_UIApplicationSupportsIndirectInputEvents = YES;
				INFOPLIST_KEY_UILaunchStoryboardName = LaunchScreen;
				INFOPLIST_KEY_UIMainStoryboardFile = Main;
				INFOPLIST_KEY_UISupportedInterfaceOrientations_iPad = "UIInterfaceOrientationPortrait UIInterfaceOrientationPortraitUpsideDown UIInterfaceOrientationLandscapeLeft UIInterfaceOrientationLandscapeRight";
				INFOPLIST_KEY_UISupportedInterfaceOrientations_iPhone = "UIInterfaceOrientationPortrait UIInterfaceOrientationLandscapeLeft UIInterfaceOrientationLandscapeRight";
				IPHONEOS_DEPLOYMENT_TARGET = 13.0;
				LD_RUNPATH_SEARCH_PATHS = (
					"$(inherited)",
					"@executable_path/Frameworks",
				);
				MARKETING_VERSION = 1.0;
				PRODUCT_BUNDLE_IDENTIFIER = tcs.ImageFeed;
				PRODUCT_NAME = "$(TARGET_NAME)";
				SUPPORTED_PLATFORMS = "iphoneos iphonesimulator";
				SUPPORTS_MACCATALYST = NO;
				SUPPORTS_MAC_DESIGNED_FOR_IPHONE_IPAD = YES;
				SWIFT_EMIT_LOC_STRINGS = YES;
				SWIFT_VERSION = 5.0;
				TARGETED_DEVICE_FAMILY = 1;
			};
			name = Release;
		};
		A7D101FA2AEE7C7700CC6D83 /* Debug */ = {
			isa = XCBuildConfiguration;
			buildSettings = {
				ALWAYS_EMBED_SWIFT_STANDARD_LIBRARIES = YES;
				BUNDLE_LOADER = "$(TEST_HOST)";
				CODE_SIGN_STYLE = Automatic;
				CURRENT_PROJECT_VERSION = 1;
				DEVELOPMENT_TEAM = 62Z2U2X6R6;
				GENERATE_INFOPLIST_FILE = YES;
				IPHONEOS_DEPLOYMENT_TARGET = 16.4;
				MARKETING_VERSION = 1.0;
				PRODUCT_BUNDLE_IDENTIFIER = tcs.ImageFeedTests;
				PRODUCT_NAME = "$(TARGET_NAME)";
				SWIFT_EMIT_LOC_STRINGS = NO;
				SWIFT_VERSION = 5.0;
				TARGETED_DEVICE_FAMILY = "1,2";
				TEST_HOST = "$(BUILT_PRODUCTS_DIR)/ImageFeed.app/$(BUNDLE_EXECUTABLE_FOLDER_PATH)/ImageFeed";
			};
			name = Debug;
		};
		A7D101FB2AEE7C7700CC6D83 /* Release */ = {
			isa = XCBuildConfiguration;
			buildSettings = {
				ALWAYS_EMBED_SWIFT_STANDARD_LIBRARIES = YES;
				BUNDLE_LOADER = "$(TEST_HOST)";
				CODE_SIGN_STYLE = Automatic;
				CURRENT_PROJECT_VERSION = 1;
				DEVELOPMENT_TEAM = 62Z2U2X6R6;
				GENERATE_INFOPLIST_FILE = YES;
				IPHONEOS_DEPLOYMENT_TARGET = 16.4;
				MARKETING_VERSION = 1.0;
				PRODUCT_BUNDLE_IDENTIFIER = tcs.ImageFeedTests;
				PRODUCT_NAME = "$(TARGET_NAME)";
				SWIFT_EMIT_LOC_STRINGS = NO;
				SWIFT_VERSION = 5.0;
				TARGETED_DEVICE_FAMILY = "1,2";
				TEST_HOST = "$(BUILT_PRODUCTS_DIR)/ImageFeed.app/$(BUNDLE_EXECUTABLE_FOLDER_PATH)/ImageFeed";
			};
			name = Release;
		};
		A7D101FD2AEE7C7700CC6D83 /* Debug */ = {
			isa = XCBuildConfiguration;
			buildSettings = {
				ALWAYS_EMBED_SWIFT_STANDARD_LIBRARIES = YES;
				CODE_SIGN_STYLE = Automatic;
				CURRENT_PROJECT_VERSION = 1;
				DEVELOPMENT_TEAM = 62Z2U2X6R6;
				GENERATE_INFOPLIST_FILE = YES;
				MARKETING_VERSION = 1.0;
				PRODUCT_BUNDLE_IDENTIFIER = tcs.ImageFeedUITests;
				PRODUCT_NAME = "$(TARGET_NAME)";
				SWIFT_EMIT_LOC_STRINGS = NO;
				SWIFT_VERSION = 5.0;
				TARGETED_DEVICE_FAMILY = "1,2";
				TEST_TARGET_NAME = ImageFeed;
			};
			name = Debug;
		};
		A7D101FE2AEE7C7700CC6D83 /* Release */ = {
			isa = XCBuildConfiguration;
			buildSettings = {
				ALWAYS_EMBED_SWIFT_STANDARD_LIBRARIES = YES;
				CODE_SIGN_STYLE = Automatic;
				CURRENT_PROJECT_VERSION = 1;
				DEVELOPMENT_TEAM = 62Z2U2X6R6;
				GENERATE_INFOPLIST_FILE = YES;
				MARKETING_VERSION = 1.0;
				PRODUCT_BUNDLE_IDENTIFIER = tcs.ImageFeedUITests;
				PRODUCT_NAME = "$(TARGET_NAME)";
				SWIFT_EMIT_LOC_STRINGS = NO;
				SWIFT_VERSION = 5.0;
				TARGETED_DEVICE_FAMILY = "1,2";
				TEST_TARGET_NAME = ImageFeed;
			};
			name = Release;
		};
/* End XCBuildConfiguration section */

/* Begin XCConfigurationList section */
		A7D101C42AEE7C7600CC6D83 /* Build configuration list for PBXProject "ImageFeed" */ = {
			isa = XCConfigurationList;
			buildConfigurations = (
				A7D101F42AEE7C7700CC6D83 /* Debug */,
				A7D101F52AEE7C7700CC6D83 /* Release */,
			);
			defaultConfigurationIsVisible = 0;
			defaultConfigurationName = Release;
		};
		A7D101F62AEE7C7700CC6D83 /* Build configuration list for PBXNativeTarget "ImageFeed" */ = {
			isa = XCConfigurationList;
			buildConfigurations = (
				A7D101F72AEE7C7700CC6D83 /* Debug */,
				A7D101F82AEE7C7700CC6D83 /* Release */,
			);
			defaultConfigurationIsVisible = 0;
			defaultConfigurationName = Release;
		};
		A7D101F92AEE7C7700CC6D83 /* Build configuration list for PBXNativeTarget "ImageFeedTests" */ = {
			isa = XCConfigurationList;
			buildConfigurations = (
				A7D101FA2AEE7C7700CC6D83 /* Debug */,
				A7D101FB2AEE7C7700CC6D83 /* Release */,
			);
			defaultConfigurationIsVisible = 0;
			defaultConfigurationName = Release;
		};
		A7D101FC2AEE7C7700CC6D83 /* Build configuration list for PBXNativeTarget "ImageFeedUITests" */ = {
			isa = XCConfigurationList;
			buildConfigurations = (
				A7D101FD2AEE7C7700CC6D83 /* Debug */,
				A7D101FE2AEE7C7700CC6D83 /* Release */,
			);
			defaultConfigurationIsVisible = 0;
			defaultConfigurationName = Release;
		};
/* End XCConfigurationList section */

/* Begin XCVersionGroup section */
		A7D101D52AEE7C7600CC6D83 /* ImageFeed.xcdatamodeld */ = {
			isa = XCVersionGroup;
			children = (
				A7D101D62AEE7C7600CC6D83 /* ImageFeed.xcdatamodel */,
			);
			currentVersion = A7D101D62AEE7C7600CC6D83 /* ImageFeed.xcdatamodel */;
			path = ImageFeed.xcdatamodeld;
			sourceTree = "<group>";
			versionGroupType = wrapper.xcdatamodel;
		};
/* End XCVersionGroup section */
	};
	rootObject = A7D101C12AEE7C7600CC6D83 /* Project object */;
}
